
Microsoft Visual Studio Solution File, Format Version 12.00
# Visual Studio Version 17
VisualStudioVersion = 17.14.36717.8
MinimumVisualStudioVersion = 10.0.40219.1
Project("{2150E333-8FDC-42A3-9474-1A3956D46DE8}") = "Task0", "Task0", "{02EA681E-C7D8-13C7-8484-4AC65E1B71E8}"
EndProject
Project("{FAE04EC0-301F-11D3-BF4B-00C04F79EFBC}") = "Tyuiu.BukinTK.Sprint6.Task0.V14.Test", "Tyuiu.BukinTK.Sprint6.Task0.V14.Test\Tyuiu.BukinTK.Sprint6.Task0.V14.Test.csproj", "{E0A64E4D-3E67-49E2-8477-5352EB0ACBD7}"
EndProject
Project("{FAE04EC0-301F-11D3-BF4B-00C04F79EFBC}") = "Tyuiu.BukinTK.Sprint6.Task0.V14", "Tyuiu.BukinTK.Sprint6.Task0.V14\Tyuiu.BukinTK.Sprint6.Task0.V14.csproj", "{2F2D1A17-4F91-4631-9D27-3638D7948BF8}"
EndProject
Project("{FAE04EC0-301F-11D3-BF4B-00C04F79EFBC}") = "Tyuiu.BukinTK.Sprint6.Task0.V14.Lib", "Tyuiu.BukinTK.Sprint6.Task0.V14.Lib\Tyuiu.BukinTK.Sprint6.Task0.V14.Lib.csproj", "{261E7638-2956-41F3-813D-8299DBA2919D}"
EndProject
Project("{2150E333-8FDC-42A3-9474-1A3956D46DE8}") = "Task1", "Task1", "{5990D46A-C0EB-4803-A446-96EC807000C4}"
EndProject
Project("{FAE04EC0-301F-11D3-BF4B-00C04F79EFBC}") = "Tyuiu.BukinTK.Sprint6.Task1.V13.Lib", "Tyuiu.BukinTK.Sprint6.Task1.V13.Lib\Tyuiu.BukinTK.Sprint6.Task1.V13.Lib.csproj", "{ED072B24-D1C7-4430-802B-EC6B29ED1142}"
EndProject
Project("{FAE04EC0-301F-11D3-BF4B-00C04F79EFBC}") = "Tyuiu.BukinTK.Sprint6.Task1.V13.Test", "Tyuiu.BukinTK.Sprint6.Task1.V13.Test\Tyuiu.BukinTK.Sprint6.Task1.V13.Test.csproj", "{2B2F8542-D5C6-4FF6-853F-F4CF4F69AF43}"
EndProject
Project("{FAE04EC0-301F-11D3-BF4B-00C04F79EFBC}") = "Tyuiu.BukinTK.Sprint6.Task1.V13", "Tyuiu.BukinTK.Sprint6.Task1.V13\Tyuiu.BukinTK.Sprint6.Task1.V13.csproj", "{FE2F1ADD-186E-4D25-8C40-A3D2CF98660D}"
EndProject
Project("{2150E333-8FDC-42A3-9474-1A3956D46DE8}") = "Task2", "Task2", "{1AF24225-56E2-4596-9DF9-CF4E277A325A}"
EndProject
Project("{FAE04EC0-301F-11D3-BF4B-00C04F79EFBC}") = "Tyuiu.BukinTK.Sprint6.Task2.V17.Lib", "Tyuiu.BukinTK.Sprint6.Task2.V17.Lib\Tyuiu.BukinTK.Sprint6.Task2.V17.Lib.csproj", "{4AD27F6A-C569-4BF7-81EB-8C17427931A3}"
EndProject
Project("{FAE04EC0-301F-11D3-BF4B-00C04F79EFBC}") = "Tyuiu.BukinTK.Sprint6.Task2.V17.Test", "Tyuiu.BukinTK.Sprint6.Task2.V17.Test\Tyuiu.BukinTK.Sprint6.Task2.V17.Test.csproj", "{72B1939D-6418-4B32-9637-FB47B49597A0}"
EndProject
Project("{FAE04EC0-301F-11D3-BF4B-00C04F79EFBC}") = "Tyuiu.BukinTK.Sprint6.Task2.V17", "Tyuiu.BukinTK.Sprint6.Task2.V17\Tyuiu.BukinTK.Sprint6.Task2.V17.csproj", "{966B1B94-BB4C-46BC-97BE-E86DA68C87F4}"
EndProject
Project("{2150E333-8FDC-42A3-9474-1A3956D46DE8}") = "Task3", "Task3", "{CCAD0568-E50C-4CCA-8361-4D988C9B6E16}"
EndProject
Project("{FAE04EC0-301F-11D3-BF4B-00C04F79EFBC}") = "Tyuiu.BukinTK.Sprint6.Task3.V29.Lib", "Tyuiu.BukinTK.Sprint6.Task3.V29.Lib\Tyuiu.BukinTK.Sprint6.Task3.V29.Lib.csproj", "{C42171C2-8B13-41C5-B047-019E76B00987}"
EndProject
Project("{FAE04EC0-301F-11D3-BF4B-00C04F79EFBC}") = "Tyuiu.BukinTK.Sprint6.Task3.V29.Test", "Tyuiu.BukinTK.Sprint6.Task3.V29.Test\Tyuiu.BukinTK.Sprint6.Task3.V29.Test.csproj", "{9BA62B55-C104-4F4C-8123-FDB667BDA05C}"
EndProject
Project("{FAE04EC0-301F-11D3-BF4B-00C04F79EFBC}") = "Tyuiu.BukinTK.Sprint6.Task3.V29", "Tyuiu.BukinTK.Sprint6.Task3.V29\Tyuiu.BukinTK.Sprint6.Task3.V29.csproj", "{465ED025-2E01-4C8C-A4E9-EA06541C07AB}"
EndProject
Project("{2150E333-8FDC-42A3-9474-1A3956D46DE8}") = "Task4", "Task4", "{4CEFFF07-E2CD-43FE-B54E-750C351096AA}"
EndProject
Project("{FAE04EC0-301F-11D3-BF4B-00C04F79EFBC}") = "Tyuiu.BukinTK.Sprint6.Task4.V26.Lib", "Tyuiu.BukinTK.Sprint6.Task4.V26.Lib\Tyuiu.BukinTK.Sprint6.Task4.V26.Lib.csproj", "{F910CF3F-E5AF-4791-84E6-2037DAC4680F}"
EndProject
Project("{FAE04EC0-301F-11D3-BF4B-00C04F79EFBC}") = "Tyuiu.BukinTK.Sprint6.Task4.V26.Test", "Tyuiu.BukinTK.Sprint6.Task4.V26.Test\Tyuiu.BukinTK.Sprint6.Task4.V26.Test.csproj", "{BC7993B6-D6B3-4F2C-A663-CB9C24B23B9F}"
EndProject
Project("{FAE04EC0-301F-11D3-BF4B-00C04F79EFBC}") = "Tyuiu.BukinTK.Sprint6.Task4.V26", "Tyuiu.BukinTK.Sprint6.Task4.V26\Tyuiu.BukinTK.Sprint6.Task4.V26.csproj", "{CE26BDC4-5E3A-4771-A348-5957E3B75405}"
EndProject
Global
	GlobalSection(SolutionConfigurationPlatforms) = preSolution
		Debug|Any CPU = Debug|Any CPU
		Release|Any CPU = Release|Any CPU
	EndGlobalSection
	GlobalSection(ProjectConfigurationPlatforms) = postSolution
		{E0A64E4D-3E67-49E2-8477-5352EB0ACBD7}.Debug|Any CPU.ActiveCfg = Debug|Any CPU
		{E0A64E4D-3E67-49E2-8477-5352EB0ACBD7}.Debug|Any CPU.Build.0 = Debug|Any CPU
		{E0A64E4D-3E67-49E2-8477-5352EB0ACBD7}.Release|Any CPU.ActiveCfg = Release|Any CPU
		{E0A64E4D-3E67-49E2-8477-5352EB0ACBD7}.Release|Any CPU.Build.0 = Release|Any CPU
		{2F2D1A17-4F91-4631-9D27-3638D7948BF8}.Debug|Any CPU.ActiveCfg = Debug|Any CPU
		{2F2D1A17-4F91-4631-9D27-3638D7948BF8}.Debug|Any CPU.Build.0 = Debug|Any CPU
		{2F2D1A17-4F91-4631-9D27-3638D7948BF8}.Release|Any CPU.ActiveCfg = Release|Any CPU
		{2F2D1A17-4F91-4631-9D27-3638D7948BF8}.Release|Any CPU.Build.0 = Release|Any CPU
		{261E7638-2956-41F3-813D-8299DBA2919D}.Debug|Any CPU.ActiveCfg = Debug|Any CPU
		{261E7638-2956-41F3-813D-8299DBA2919D}.Debug|Any CPU.Build.0 = Debug|Any CPU
		{261E7638-2956-41F3-813D-8299DBA2919D}.Release|Any CPU.ActiveCfg = Release|Any CPU
		{261E7638-2956-41F3-813D-8299DBA2919D}.Release|Any CPU.Build.0 = Release|Any CPU
		{ED072B24-D1C7-4430-802B-EC6B29ED1142}.Debug|Any CPU.ActiveCfg = Debug|Any CPU
		{ED072B24-D1C7-4430-802B-EC6B29ED1142}.Debug|Any CPU.Build.0 = Debug|Any CPU
		{ED072B24-D1C7-4430-802B-EC6B29ED1142}.Release|Any CPU.ActiveCfg = Release|Any CPU
		{ED072B24-D1C7-4430-802B-EC6B29ED1142}.Release|Any CPU.Build.0 = Release|Any CPU
		{2B2F8542-D5C6-4FF6-853F-F4CF4F69AF43}.Debug|Any CPU.ActiveCfg = Debug|Any CPU
		{2B2F8542-D5C6-4FF6-853F-F4CF4F69AF43}.Debug|Any CPU.Build.0 = Debug|Any CPU
		{2B2F8542-D5C6-4FF6-853F-F4CF4F69AF43}.Release|Any CPU.ActiveCfg = Release|Any CPU
		{2B2F8542-D5C6-4FF6-853F-F4CF4F69AF43}.Release|Any CPU.Build.0 = Release|Any CPU
		{FE2F1ADD-186E-4D25-8C40-A3D2CF98660D}.Debug|Any CPU.ActiveCfg = Debug|Any CPU
		{FE2F1ADD-186E-4D25-8C40-A3D2CF98660D}.Debug|Any CPU.Build.0 = Debug|Any CPU
		{FE2F1ADD-186E-4D25-8C40-A3D2CF98660D}.Release|Any CPU.ActiveCfg = Release|Any CPU
		{FE2F1ADD-186E-4D25-8C40-A3D2CF98660D}.Release|Any CPU.Build.0 = Release|Any CPU
		{4AD27F6A-C569-4BF7-81EB-8C17427931A3}.Debug|Any CPU.ActiveCfg = Debug|Any CPU
		{4AD27F6A-C569-4BF7-81EB-8C17427931A3}.Debug|Any CPU.Build.0 = Debug|Any CPU
		{4AD27F6A-C569-4BF7-81EB-8C17427931A3}.Release|Any CPU.ActiveCfg = Release|Any CPU
		{4AD27F6A-C569-4BF7-81EB-8C17427931A3}.Release|Any CPU.Build.0 = Release|Any CPU
		{72B1939D-6418-4B32-9637-FB47B49597A0}.Debug|Any CPU.ActiveCfg = Debug|Any CPU
		{72B1939D-6418-4B32-9637-FB47B49597A0}.Debug|Any CPU.Build.0 = Debug|Any CPU
		{72B1939D-6418-4B32-9637-FB47B49597A0}.Release|Any CPU.ActiveCfg = Release|Any CPU
		{72B1939D-6418-4B32-9637-FB47B49597A0}.Release|Any CPU.Build.0 = Release|Any CPU
		{966B1B94-BB4C-46BC-97BE-E86DA68C87F4}.Debug|Any CPU.ActiveCfg = Debug|Any CPU
		{966B1B94-BB4C-46BC-97BE-E86DA68C87F4}.Debug|Any CPU.Build.0 = Debug|Any CPU
		{966B1B94-BB4C-46BC-97BE-E86DA68C87F4}.Release|Any CPU.ActiveCfg = Release|Any CPU
		{966B1B94-BB4C-46BC-97BE-E86DA68C87F4}.Release|Any CPU.Build.0 = Release|Any CPU
		{C42171C2-8B13-41C5-B047-019E76B00987}.Debug|Any CPU.ActiveCfg = Debug|Any CPU
		{C42171C2-8B13-41C5-B047-019E76B00987}.Debug|Any CPU.Build.0 = Debug|Any CPU
		{C42171C2-8B13-41C5-B047-019E76B00987}.Release|Any CPU.ActiveCfg = Release|Any CPU
		{C42171C2-8B13-41C5-B047-019E76B00987}.Release|Any CPU.Build.0 = Release|Any CPU
		{9BA62B55-C104-4F4C-8123-FDB667BDA05C}.Debug|Any CPU.ActiveCfg = Debug|Any CPU
		{9BA62B55-C104-4F4C-8123-FDB667BDA05C}.Debug|Any CPU.Build.0 = Debug|Any CPU
		{9BA62B55-C104-4F4C-8123-FDB667BDA05C}.Release|Any CPU.ActiveCfg = Release|Any CPU
		{9BA62B55-C104-4F4C-8123-FDB667BDA05C}.Release|Any CPU.Build.0 = Release|Any CPU
		{465ED025-2E01-4C8C-A4E9-EA06541C07AB}.Debug|Any CPU.ActiveCfg = Debug|Any CPU
		{465ED025-2E01-4C8C-A4E9-EA06541C07AB}.Debug|Any CPU.Build.0 = Debug|Any CPU
		{465ED025-2E01-4C8C-A4E9-EA06541C07AB}.Release|Any CPU.ActiveCfg = Release|Any CPU
		{465ED025-2E01-4C8C-A4E9-EA06541C07AB}.Release|Any CPU.Build.0 = Release|Any CPU
		{F910CF3F-E5AF-4791-84E6-2037DAC4680F}.Debug|Any CPU.ActiveCfg = Debug|Any CPU
		{F910CF3F-E5AF-4791-84E6-2037DAC4680F}.Debug|Any CPU.Build.0 = Debug|Any CPU
		{F910CF3F-E5AF-4791-84E6-2037DAC4680F}.Release|Any CPU.ActiveCfg = Release|Any CPU
		{F910CF3F-E5AF-4791-84E6-2037DAC4680F}.Release|Any CPU.Build.0 = Release|Any CPU
		{BC7993B6-D6B3-4F2C-A663-CB9C24B23B9F}.Debug|Any CPU.ActiveCfg = Debug|Any CPU
		{BC7993B6-D6B3-4F2C-A663-CB9C24B23B9F}.Debug|Any CPU.Build.0 = Debug|Any CPU
		{BC7993B6-D6B3-4F2C-A663-CB9C24B23B9F}.Release|Any CPU.ActiveCfg = Release|Any CPU
		{BC7993B6-D6B3-4F2C-A663-CB9C24B23B9F}.Release|Any CPU.Build.0 = Release|Any CPU
		{CE26BDC4-5E3A-4771-A348-5957E3B75405}.Debug|Any CPU.ActiveCfg = Debug|Any CPU
		{CE26BDC4-5E3A-4771-A348-5957E3B75405}.Debug|Any CPU.Build.0 = Debug|Any CPU
		{CE26BDC4-5E3A-4771-A348-5957E3B75405}.Release|Any CPU.ActiveCfg = Release|Any CPU
		{CE26BDC4-5E3A-4771-A348-5957E3B75405}.Release|Any CPU.Build.0 = Release|Any CPU
	EndGlobalSection
	GlobalSection(SolutionProperties) = preSolution
		HideSolutionNode = FALSE
	EndGlobalSection
	GlobalSection(NestedProjects) = preSolution
		{E0A64E4D-3E67-49E2-8477-5352EB0ACBD7} = {02EA681E-C7D8-13C7-8484-4AC65E1B71E8}
		{2F2D1A17-4F91-4631-9D27-3638D7948BF8} = {02EA681E-C7D8-13C7-8484-4AC65E1B71E8}
		{261E7638-2956-41F3-813D-8299DBA2919D} = {02EA681E-C7D8-13C7-8484-4AC65E1B71E8}
		{ED072B24-D1C7-4430-802B-EC6B29ED1142} = {5990D46A-C0EB-4803-A446-96EC807000C4}
		{2B2F8542-D5C6-4FF6-853F-F4CF4F69AF43} = {5990D46A-C0EB-4803-A446-96EC807000C4}
		{FE2F1ADD-186E-4D25-8C40-A3D2CF98660D} = {5990D46A-C0EB-4803-A446-96EC807000C4}
		{4AD27F6A-C569-4BF7-81EB-8C17427931A3} = {1AF24225-56E2-4596-9DF9-CF4E277A325A}
		{72B1939D-6418-4B32-9637-FB47B49597A0} = {1AF24225-56E2-4596-9DF9-CF4E277A325A}
		{966B1B94-BB4C-46BC-97BE-E86DA68C87F4} = {1AF24225-56E2-4596-9DF9-CF4E277A325A}
		{C42171C2-8B13-41C5-B047-019E76B00987} = {CCAD0568-E50C-4CCA-8361-4D988C9B6E16}
		{9BA62B55-C104-4F4C-8123-FDB667BDA05C} = {CCAD0568-E50C-4CCA-8361-4D988C9B6E16}
		{465ED025-2E01-4C8C-A4E9-EA06541C07AB} = {CCAD0568-E50C-4CCA-8361-4D988C9B6E16}
		{F910CF3F-E5AF-4791-84E6-2037DAC4680F} = {4CEFFF07-E2CD-43FE-B54E-750C351096AA}
		{BC7993B6-D6B3-4F2C-A663-CB9C24B23B9F} = {4CEFFF07-E2CD-43FE-B54E-750C351096AA}
		{CE26BDC4-5E3A-4771-A348-5957E3B75405} = {4CEFFF07-E2CD-43FE-B54E-750C351096AA}
	EndGlobalSection
	GlobalSection(ExtensibilityGlobals) = postSolution
		SolutionGuid = {3C794803-501E-4B2D-8D0F-7F9EB6275FDA}
	EndGlobalSection
EndGlobal
