
Microsoft Visual Studio Solution File, Format Version 12.00
# Visual Studio Version 17
VisualStudioVersion = 17.14.36717.8
MinimumVisualStudioVersion = 10.0.40219.1
Project("{2150E333-8FDC-42A3-9474-1A3956D46DE8}") = "Task0", "Task0", "{02EA681E-C7D8-13C7-8484-4AC65E1B71E8}"
EndProject
Project("{FAE04EC0-301F-11D3-BF4B-00C04F79EFBC}") = "Tyuiu.BukinTK.Sprint6.Task0.V14.Test", "Tyuiu.BukinTK.Sprint6.Task0.V14.Test\Tyuiu.BukinTK.Sprint6.Task0.V14.Test.csproj", "{E0A64E4D-3E67-49E2-8477-5352EB0ACBD7}"
EndProject
Project("{FAE04EC0-301F-11D3-BF4B-00C04F79EFBC}") = "Tyuiu.BukinTK.Sprint6.Task0.V14", "Tyuiu.BukinTK.Sprint6.Task0.V14\Tyuiu.BukinTK.Sprint6.Task0.V14.csproj", "{2F2D1A17-4F91-4631-9D27-3638D7948BF8}"
EndProject
Project("{FAE04EC0-301F-11D3-BF4B-00C04F79EFBC}") = "Tyuiu.BukinTK.Sprint6.Task0.V14.Lib", "Tyuiu.BukinTK.Sprint6.Task0.V14.Lib\Tyuiu.BukinTK.Sprint6.Task0.V14.Lib.csproj", "{261E7638-2956-41F3-813D-8299DBA2919D}"
EndProject
Global
	GlobalSection(SolutionConfigurationPlatforms) = preSolution
		Debug|Any CPU = Debug|Any CPU
		Release|Any CPU = Release|Any CPU
	EndGlobalSection
	GlobalSection(ProjectConfigurationPlatforms) = postSolution
		{E0A64E4D-3E67-49E2-8477-5352EB0ACBD7}.Debug|Any CPU.ActiveCfg = Debug|Any CPU
		{E0A64E4D-3E67-49E2-8477-5352EB0ACBD7}.Debug|Any CPU.Build.0 = Debug|Any CPU
		{E0A64E4D-3E67-49E2-8477-5352EB0ACBD7}.Release|Any CPU.ActiveCfg = Release|Any CPU
		{E0A64E4D-3E67-49E2-8477-5352EB0ACBD7}.Release|Any CPU.Build.0 = Release|Any CPU
		{2F2D1A17-4F91-4631-9D27-3638D7948BF8}.Debug|Any CPU.ActiveCfg = Debug|Any CPU
		{2F2D1A17-4F91-4631-9D27-3638D7948BF8}.Debug|Any CPU.Build.0 = Debug|Any CPU
		{2F2D1A17-4F91-4631-9D27-3638D7948BF8}.Release|Any CPU.ActiveCfg = Release|Any CPU
		{2F2D1A17-4F91-4631-9D27-3638D7948BF8}.Release|Any CPU.Build.0 = Release|Any CPU
		{261E7638-2956-41F3-813D-8299DBA2919D}.Debug|Any CPU.ActiveCfg = Debug|Any CPU
		{261E7638-2956-41F3-813D-8299DBA2919D}.Debug|Any CPU.Build.0 = Debug|Any CPU
		{261E7638-2956-41F3-813D-8299DBA2919D}.Release|Any CPU.ActiveCfg = Release|Any CPU
		{261E7638-2956-41F3-813D-8299DBA2919D}.Release|Any CPU.Build.0 = Release|Any CPU
	EndGlobalSection
	GlobalSection(SolutionProperties) = preSolution
		HideSolutionNode = FALSE
	EndGlobalSection
	GlobalSection(NestedProjects) = preSolution
		{E0A64E4D-3E67-49E2-8477-5352EB0ACBD7} = {02EA681E-C7D8-13C7-8484-4AC65E1B71E8}
		{2F2D1A17-4F91-4631-9D27-3638D7948BF8} = {02EA681E-C7D8-13C7-8484-4AC65E1B71E8}
		{261E7638-2956-41F3-813D-8299DBA2919D} = {02EA681E-C7D8-13C7-8484-4AC65E1B71E8}
	EndGlobalSection
	GlobalSection(ExtensibilityGlobals) = postSolution
		SolutionGuid = {3C794803-501E-4B2D-8D0F-7F9EB6275FDA}
	EndGlobalSection
EndGlobal
